# This file is @generated by PDM.
# It is not intended for manual editing.

[metadata]
groups = ["default"]
strategy = ["cross_platform", "inherit_metadata"]
lock_version = "4.4.1"
content_hash = "sha256:7bc3872f5555fb5089d6633683895dbb573101de31d922772b86c165fe94a12f"

[[package]]
name = "anyio"
version = "4.3.0"
requires_python = ">=3.8"
summary = "High level compatibility layer for multiple asynchronous event loop implementations"
groups = ["default"]
dependencies = [
    "idna>=2.8",
    "sniffio>=1.1",
]
files = [
    {file = "anyio-4.3.0-py3-none-any.whl", hash = "sha256:048e05d0f6caeed70d731f3db756d35dcc1f35747c8c403364a8332c630441b8"},
    {file = "anyio-4.3.0.tar.gz", hash = "sha256:f75253795a87df48568485fd18cdd2a3fa5c4f7c5be8e5e36637733fce06fed6"},
]

[[package]]
name = "click"
version = "8.1.7"
requires_python = ">=3.7"
summary = "Composable command line interface toolkit"
groups = ["default"]
dependencies = [
    "colorama; platform_system == \"Windows\"",
]
files = [
    {file = "click-8.1.7-py3-none-any.whl", hash = "sha256:ae74fb96c20a0277a1d615f1e4d73c8414f5a98db8b799a7931d1582f3390c28"},
    {file = "click-8.1.7.tar.gz", hash = "sha256:ca9853ad459e787e2192211578cc907e7594e294c7ccc834310722b41b9ca6de"},
]

[[package]]
name = "colorama"
version = "0.4.6"
requires_python = "!=3.0.*,!=3.1.*,!=3.2.*,!=3.3.*,!=3.4.*,!=3.5.*,!=3.6.*,>=2.7"
summary = "Cross-platform colored terminal text."
groups = ["default"]
marker = "platform_system == \"Windows\""
files = [
    {file = "colorama-0.4.6-py2.py3-none-any.whl", hash = "sha256:4f1d9991f5acc0ca119f9d443620b77f9d6b33703e51011c16baf57afb285fc6"},
    {file = "colorama-0.4.6.tar.gz", hash = "sha256:08695f5cb7ed6e0531a20572697297273c47b8cae5a63ffc6d6ed5c201be6e44"},
]

[[package]]
name = "emmett"
version = "2.5.9"
requires_python = ">=3.8,<4.0"
summary = "The web framework for inventors"
groups = ["default"]
dependencies = [
    "click>=6.0",
    "emmett-crypto<0.6,>=0.5",
    "granian<1.1.0,>=1.0.2",
    "pendulum<3.1.0,>=3.0.0",
    "pyDAL==17.3",
    "python-rapidjson<2.0,>=1.14",
    "pyyaml<7.0,>=6.0",
    "renoir<2.0,>=1.6",
    "severus<2.0,>=1.1",
]
files = [
    {file = "emmett-2.5.9-py3-none-any.whl", hash = "sha256:2e3e3b56d953983ba8c644bef703893a51dc947f49a64b560737ed692c559487"},
    {file = "emmett-2.5.9.tar.gz", hash = "sha256:b84a86da0b6136298a7610d756f6ca47ce005eb35ce657995d24a37a5414f98a"},
]

[[package]]
name = "emmett-crypto"
version = "0.5.1"
requires_python = ">=3.8"
summary = "Emmett framework cryptographic library"
groups = ["default"]
files = [
    {file = "emmett_crypto-0.5.1-cp312-cp312-macosx_10_7_x86_64.whl", hash = "sha256:c1055a2b7faf1dff5600eedf53d0bc059ba56e11b0cfed2f4dc7c673e30d2649"},
    {file = "emmett_crypto-0.5.1-cp312-cp312-macosx_11_0_arm64.whl", hash = "sha256:7570aa0f7c072069656b70d76e28b115a9daf0db8510cb90dac4c0a30ea065c3"},
    {file = "emmett_crypto-0.5.1-cp312-cp312-manylinux_2_17_aarch64.manylinux2014_aarch64.whl", hash = "sha256:da33f78c4ad45664cb5073ac369651c6922640050c3733ca25010277ec3936c7"},
    {file = "emmett_crypto-0.5.1-cp312-cp312-manylinux_2_17_x86_64.manylinux2014_x86_64.whl", hash = "sha256:6f6268bffddd3df0f6d08ebcf602fff92ffc7d50d688e743c1cf517a98ae9a4b"},
    {file = "emmett_crypto-0.5.1-cp312-cp312-musllinux_1_1_aarch64.whl", hash = "sha256:8b19a07bb9ae9447e922bd2103736e2c583308471f9a43402ebbdc6ea9148523"},
    {file = "emmett_crypto-0.5.1-cp312-cp312-musllinux_1_1_x86_64.whl", hash = "sha256:be8af1f9b3049cf9d93e30301c6d26d948b4200134eeae4279ef5e9a8c3679a3"},
    {file = "emmett_crypto-0.5.1-cp312-none-win_amd64.whl", hash = "sha256:b58a6f2123d91438252897406f7ed1d3fc61b3f54352f5ddee81ad5fd532f10c"},
    {file = "emmett_crypto-0.5.1-pp310-pypy310_pp73-macosx_10_7_x86_64.whl", hash = "sha256:bd2a17e9c7e123b5dbf1494f9f10092b7278a83e778fb36468d7cc610a1fe43d"},
    {file = "emmett_crypto-0.5.1-pp310-pypy310_pp73-macosx_11_0_arm64.whl", hash = "sha256:21780dc7462d6eaa3085c5c981570a58134e837c643ea023c97723239e97e76f"},
    {file = "emmett_crypto-0.5.1-pp310-pypy310_pp73-manylinux_2_17_aarch64.manylinux2014_aarch64.whl", hash = "sha256:f34c08167fda816e19b8199d984d489bc1f92c0c0157da9333d2057c30e23610"},
    {file = "emmett_crypto-0.5.1-pp310-pypy310_pp73-manylinux_2_17_x86_64.manylinux2014_x86_64.whl", hash = "sha256:ce1dfefc899c385270583072d9a5385551d5f70580804ebd55c4dc327e325fd9"},
    {file = "emmett_crypto-0.5.1-pp310-pypy310_pp73-musllinux_1_1_aarch64.whl", hash = "sha256:0e5be042595415d11fc10d70991aad3f9c777b9fbe792b8b8fbe3674a6872ac9"},
    {file = "emmett_crypto-0.5.1-pp310-pypy310_pp73-musllinux_1_1_x86_64.whl", hash = "sha256:5238f005a80cd9d71b1adfc416932e29055175467cf29644876d82ae64f23117"},
    {file = "emmett_crypto-0.5.1-pp310-pypy310_pp73-win_amd64.whl", hash = "sha256:30e7ee3e469e57292b319f38e32be86cd0c406af23a2b9a2ec90f9459921c83c"},
    {file = "emmett_crypto-0.5.1-pp38-pypy38_pp73-manylinux_2_17_aarch64.manylinux2014_aarch64.whl", hash = "sha256:9189db0251e4658377d730b8531f6eea1cbf1179a5fa1f0275881aaf123f4f5a"},
    {file = "emmett_crypto-0.5.1-pp38-pypy38_pp73-manylinux_2_17_x86_64.manylinux2014_x86_64.whl", hash = "sha256:44c3cbc454bc0edc07343c86f6fbc687d9a885b9020e68afa456b97c38463439"},
    {file = "emmett_crypto-0.5.1-pp38-pypy38_pp73-musllinux_1_1_aarch64.whl", hash = "sha256:aba70f58e534cb1e89c457b215901a03067d98363bf56628179f1c6cbebf8d7b"},
    {file = "emmett_crypto-0.5.1-pp38-pypy38_pp73-musllinux_1_1_x86_64.whl", hash = "sha256:083c64eb79e7b3587c59b3b0ffe231c5995219b0e2f8a54ef01f7cf529c89947"},
    {file = "emmett_crypto-0.5.1-pp38-pypy38_pp73-win_amd64.whl", hash = "sha256:8ccee94ec8af39c76dd4d804a4c8c971caf179b5b6e98f392c76b1f018d0d91a"},
    {file = "emmett_crypto-0.5.1-pp39-pypy39_pp73-macosx_10_7_x86_64.whl", hash = "sha256:f71b95696febb18d484dd53059018e53c5018504ff301ea97cf1c6d26037bc1a"},
    {file = "emmett_crypto-0.5.1-pp39-pypy39_pp73-macosx_11_0_arm64.whl", hash = "sha256:dd7ded4b4c73570e4556c55e4f57e4f8320ead8dc8664f2aad2847d191c13d95"},
    {file = "emmett_crypto-0.5.1-pp39-pypy39_pp73-manylinux_2_17_aarch64.manylinux2014_aarch64.whl", hash = "sha256:f5b199aa76ebdb1034502fd2f4fee95f07b8f1a767436680bb5e6ad302b977b2"},
    {file = "emmett_crypto-0.5.1-pp39-pypy39_pp73-manylinux_2_17_x86_64.manylinux2014_x86_64.whl", hash = "sha256:8588ddbe3ac8de5166fc30bd4ec47549b8de4570cf86c9cccd2d218550c12825"},
    {file = "emmett_crypto-0.5.1-pp39-pypy39_pp73-musllinux_1_1_aarch64.whl", hash = "sha256:355d850c9e47be527795808011a3b7448aaa6e3c97ce95ac67281dd11020023a"},
    {file = "emmett_crypto-0.5.1-pp39-pypy39_pp73-musllinux_1_1_x86_64.whl", hash = "sha256:0b03996d52f3dd5e25557d2a97ad56a30b280f0b9359a7dd04584f87ee5b2364"},
    {file = "emmett_crypto-0.5.1-pp39-pypy39_pp73-win_amd64.whl", hash = "sha256:8162d556de722bb3dc310b3cb64dcde3e85e21b5f0c30fcc61d7ed3a38afea8b"},
    {file = "emmett_crypto-0.5.1.tar.gz", hash = "sha256:90b4753a0ef3bd9b5ddbbf1ebec399c698313a844de81e0c18dbe65ff72fc442"},
]

[[package]]
name = "granian"
version = "1.0.2"
requires_python = ">=3.8"
summary = "A Rust HTTP server for Python applications"
groups = ["default"]
dependencies = [
    "typer>=0.4.2",
    "uvloop~=0.18.0; sys_platform != \"win32\" and platform_python_implementation == \"CPython\"",
    "watchfiles~=0.21",
]
files = [
    {file = "granian-1.0.2-cp312-cp312-macosx_10_12_x86_64.whl", hash = "sha256:7bd116a7ec5969669ca6c0618a52741f3e7f7ae59fbaaa29efa2b4c4559fafe5"},
    {file = "granian-1.0.2-cp312-cp312-macosx_11_0_arm64.whl", hash = "sha256:a4472adb79053d105fccedd8b4491a61b438a9de5c9de5b10ef60390eb431711"},
    {file = "granian-1.0.2-cp312-cp312-manylinux_2_17_aarch64.manylinux2014_aarch64.whl", hash = "sha256:30973afea1091f66ff4526265bd9fff34d4a9a6e91667610c010428edf89a1aa"},
    {file = "granian-1.0.2-cp312-cp312-manylinux_2_17_x86_64.manylinux2014_x86_64.whl", hash = "sha256:9082429f3f67e9198d31b1be4e076a93b75a2083679c91a8dd520a059c484b1f"},
    {file = "granian-1.0.2-cp312-cp312-musllinux_1_1_aarch64.whl", hash = "sha256:6849232f9afbaf9a3b138d59a6f6d417e23ffe7b285b1fa6f5330c06650f1f82"},
    {file = "granian-1.0.2-cp312-cp312-musllinux_1_1_x86_64.whl", hash = "sha256:68f3d7f88ccd9af4d4f0402df2c10461e759390f841664be33da92dbd8fe9c43"},
    {file = "granian-1.0.2-cp312-none-win_amd64.whl", hash = "sha256:5ac264112e3abb7eaeef893f7ebf6c5d6a442fa5aa1707be72e28c6f1b49636b"},
    {file = "granian-1.0.2-pp310-pypy310_pp73-macosx_10_12_x86_64.whl", hash = "sha256:5a916bd747f40bd1a178586b549ae13f69f3d25f8e3126a6edc741edb21c65cf"},
    {file = "granian-1.0.2-pp310-pypy310_pp73-macosx_11_0_arm64.whl", hash = "sha256:096640e9fb0ea85d1d68d963e965340e604625d7dad188bf46f179ad46ce3a4d"},
    {file = "granian-1.0.2-pp310-pypy310_pp73-manylinux_2_17_aarch64.manylinux2014_aarch64.whl", hash = "sha256:77864832b755f1b23da4ebd106ea57e5e08052471269b693214b7de97bf8dd12"},
    {file = "granian-1.0.2-pp310-pypy310_pp73-manylinux_2_17_x86_64.manylinux2014_x86_64.whl", hash = "sha256:23c3eca51f361066d3a15187ed4b449d4a794cd3ba581c0df5a4a65b63297cde"},
    {file = "granian-1.0.2-pp310-pypy310_pp73-musllinux_1_1_aarch64.whl", hash = "sha256:e87b94d17388c31e1be68ee1d6b1542a6b537ba5feaf203812d783f72742674a"},
    {file = "granian-1.0.2-pp310-pypy310_pp73-musllinux_1_1_x86_64.whl", hash = "sha256:edbf2d42bfdbce6dc14772f37085a17d09cacafdc6b7c7747ac848a1537364e4"},
    {file = "granian-1.0.2-pp310-pypy310_pp73-win_amd64.whl", hash = "sha256:7f0ae8df74187395e4f36be34c3206ffa81adcced0e7796ce80060b4303a06cb"},
    {file = "granian-1.0.2-pp38-pypy38_pp73-macosx_10_12_x86_64.whl", hash = "sha256:8587d7afa61b52c161f665d96078e66c2ace98ef4fe5be88c8e0f06d26a4977f"},
    {file = "granian-1.0.2-pp38-pypy38_pp73-macosx_11_0_arm64.whl", hash = "sha256:cee27c0f7494095bb0f9fbf651479a34ae1965eeaf69c704623b297a0c3298ed"},
    {file = "granian-1.0.2-pp38-pypy38_pp73-manylinux_2_17_aarch64.manylinux2014_aarch64.whl", hash = "sha256:d5f8799fa1d2c9c8e25121c5f5c524c7fba4aad972c68ff179307fcdf483390d"},
    {file = "granian-1.0.2-pp38-pypy38_pp73-manylinux_2_17_x86_64.manylinux2014_x86_64.whl", hash = "sha256:ef7e53c2d13f7be3b0983e377a583b37f7a93af204dd66c01771b7367a7dfcda"},
    {file = "granian-1.0.2-pp38-pypy38_pp73-musllinux_1_1_aarch64.whl", hash = "sha256:e81a5298e12603bd23c1272b5ab984f465104f397a3e22665ae3aee4387e47fe"},
    {file = "granian-1.0.2-pp38-pypy38_pp73-musllinux_1_1_x86_64.whl", hash = "sha256:017fd10e0691613fc290dfc975bbcc9f5ff4f58c6ada556fafec752803aea852"},
    {file = "granian-1.0.2-pp38-pypy38_pp73-win_amd64.whl", hash = "sha256:36a6bbc4cb9eac6f5276d38a7c99ecbe097c071799786637f6772d16624ee020"},
    {file = "granian-1.0.2-pp39-pypy39_pp73-macosx_10_12_x86_64.whl", hash = "sha256:39e47d5f4c7374911e9fb719560b87ccb88909f3201f6764439ef1c2b652cef3"},
    {file = "granian-1.0.2-pp39-pypy39_pp73-macosx_11_0_arm64.whl", hash = "sha256:8f934bcd94702942de211dcf2bf39c67e3091121f729a45c92b84b53a84ed7bb"},
    {file = "granian-1.0.2-pp39-pypy39_pp73-manylinux_2_17_aarch64.manylinux2014_aarch64.whl", hash = "sha256:eccd02c604dd25d789e16f69e1f3be3ed95068f9ae5f59990ab2f9453a74e167"},
    {file = "granian-1.0.2-pp39-pypy39_pp73-manylinux_2_17_x86_64.manylinux2014_x86_64.whl", hash = "sha256:f9cf2494bc78b4550ed99a4a58a3fd3b500cf1f8ad3ba150979e4d3d2c3cd3ab"},
    {file = "granian-1.0.2-pp39-pypy39_pp73-musllinux_1_1_aarch64.whl", hash = "sha256:cc9a0ca178b9575534f037938576a595c0c1b84ccda0da439bf2e597625f7386"},
    {file = "granian-1.0.2-pp39-pypy39_pp73-musllinux_1_1_x86_64.whl", hash = "sha256:a60b8e8a3ad28a22b0c862437d42209ac8943bf8313992bf48a404c3e4324803"},
    {file = "granian-1.0.2-pp39-pypy39_pp73-win_amd64.whl", hash = "sha256:10fcfb72d95a2fccea3d7cd2607345c90f19d90641b1c7c797b7e09a63728056"},
    {file = "granian-1.0.2.tar.gz", hash = "sha256:681064e1f6e95fc277d5c047f8070e5448671cdda55de6954d6ff384c43079b7"},
]

[[package]]
name = "idna"
version = "3.6"
requires_python = ">=3.5"
summary = "Internationalized Domain Names in Applications (IDNA)"
groups = ["default"]
files = [
    {file = "idna-3.6-py3-none-any.whl", hash = "sha256:c05567e9c24a6b9faaa835c4821bad0590fbb9d5779e7caa6e1cc4978e7eb24f"},
    {file = "idna-3.6.tar.gz", hash = "sha256:9ecdbbd083b06798ae1e86adcbfe8ab1479cf864e4ee30fe4e46a003d12491ca"},
]

[[package]]
name = "pendulum"
version = "3.0.0"
requires_python = ">=3.8"
summary = "Python datetimes made easy"
groups = ["default"]
dependencies = [
    "python-dateutil>=2.6",
    "time-machine>=2.6.0; implementation_name != \"pypy\"",
    "tzdata>=2020.1",
]
files = [
    {file = "pendulum-3.0.0-cp312-cp312-macosx_10_12_x86_64.whl", hash = "sha256:409e64e41418c49f973d43a28afe5df1df4f1dd87c41c7c90f1a63f61ae0f1f7"},
    {file = "pendulum-3.0.0-cp312-cp312-macosx_11_0_arm64.whl", hash = "sha256:a38ad2121c5ec7c4c190c7334e789c3b4624798859156b138fcc4d92295835dc"},
    {file = "pendulum-3.0.0-cp312-cp312-manylinux_2_17_aarch64.manylinux2014_aarch64.whl", hash = "sha256:fde4d0b2024b9785f66b7f30ed59281bd60d63d9213cda0eb0910ead777f6d37"},
    {file = "pendulum-3.0.0-cp312-cp312-manylinux_2_17_ppc64le.manylinux2014_ppc64le.whl", hash = "sha256:4b2c5675769fb6d4c11238132962939b960fcb365436b6d623c5864287faa319"},
    {file = "pendulum-3.0.0-cp312-cp312-manylinux_2_17_s390x.manylinux2014_s390x.whl", hash = "sha256:8af95e03e066826f0f4c65811cbee1b3123d4a45a1c3a2b4fc23c4b0dff893b5"},
    {file = "pendulum-3.0.0-cp312-cp312-manylinux_2_17_x86_64.manylinux2014_x86_64.whl", hash = "sha256:2165a8f33cb15e06c67070b8afc87a62b85c5a273e3aaa6bc9d15c93a4920d6f"},
    {file = "pendulum-3.0.0-cp312-cp312-musllinux_1_1_aarch64.whl", hash = "sha256:ad5e65b874b5e56bd942546ea7ba9dd1d6a25121db1c517700f1c9de91b28518"},
    {file = "pendulum-3.0.0-cp312-cp312-musllinux_1_1_x86_64.whl", hash = "sha256:17fe4b2c844bbf5f0ece69cfd959fa02957c61317b2161763950d88fed8e13b9"},
    {file = "pendulum-3.0.0-cp312-none-win_amd64.whl", hash = "sha256:78f8f4e7efe5066aca24a7a57511b9c2119f5c2b5eb81c46ff9222ce11e0a7a5"},
    {file = "pendulum-3.0.0-cp312-none-win_arm64.whl", hash = "sha256:28f49d8d1e32aae9c284a90b6bb3873eee15ec6e1d9042edd611b22a94ac462f"},
    {file = "pendulum-3.0.0-pp310-pypy310_pp73-macosx_10_12_x86_64.whl", hash = "sha256:3b1f74d1e6ffe5d01d6023870e2ce5c2191486928823196f8575dcc786e107b1"},
    {file = "pendulum-3.0.0-pp310-pypy310_pp73-macosx_11_0_arm64.whl", hash = "sha256:729e9f93756a2cdfa77d0fc82068346e9731c7e884097160603872686e570f07"},
    {file = "pendulum-3.0.0-pp310-pypy310_pp73-manylinux_2_17_aarch64.manylinux2014_aarch64.whl", hash = "sha256:e586acc0b450cd21cbf0db6bae386237011b75260a3adceddc4be15334689a9a"},
    {file = "pendulum-3.0.0-pp310-pypy310_pp73-manylinux_2_17_x86_64.manylinux2014_x86_64.whl", hash = "sha256:22e7944ffc1f0099a79ff468ee9630c73f8c7835cd76fdb57ef7320e6a409df4"},
    {file = "pendulum-3.0.0-pp310-pypy310_pp73-musllinux_1_1_aarch64.whl", hash = "sha256:fa30af36bd8e50686846bdace37cf6707bdd044e5cb6e1109acbad3277232e04"},
    {file = "pendulum-3.0.0-pp310-pypy310_pp73-musllinux_1_1_x86_64.whl", hash = "sha256:440215347b11914ae707981b9a57ab9c7b6983ab0babde07063c6ee75c0dc6e7"},
    {file = "pendulum-3.0.0-pp310-pypy310_pp73-win_amd64.whl", hash = "sha256:314c4038dc5e6a52991570f50edb2f08c339debdf8cea68ac355b32c4174e820"},
    {file = "pendulum-3.0.0-pp37-pypy37_pp73-macosx_10_12_x86_64.whl", hash = "sha256:5acb1d386337415f74f4d1955c4ce8d0201978c162927d07df8eb0692b2d8533"},
    {file = "pendulum-3.0.0-pp37-pypy37_pp73-manylinux_2_17_aarch64.manylinux2014_aarch64.whl", hash = "sha256:a789e12fbdefaffb7b8ac67f9d8f22ba17a3050ceaaa635cd1cc4645773a4b1e"},
    {file = "pendulum-3.0.0-pp37-pypy37_pp73-manylinux_2_17_x86_64.manylinux2014_x86_64.whl", hash = "sha256:860aa9b8a888e5913bd70d819306749e5eb488e6b99cd6c47beb701b22bdecf5"},
    {file = "pendulum-3.0.0-pp37-pypy37_pp73-musllinux_1_1_aarch64.whl", hash = "sha256:5ebc65ea033ef0281368217fbf59f5cb05b338ac4dd23d60959c7afcd79a60a0"},
    {file = "pendulum-3.0.0-pp37-pypy37_pp73-musllinux_1_1_x86_64.whl", hash = "sha256:d9fef18ab0386ef6a9ac7bad7e43ded42c83ff7ad412f950633854f90d59afa8"},
    {file = "pendulum-3.0.0-pp38-pypy38_pp73-macosx_10_12_x86_64.whl", hash = "sha256:1c134ba2f0571d0b68b83f6972e2307a55a5a849e7dac8505c715c531d2a8795"},
    {file = "pendulum-3.0.0-pp38-pypy38_pp73-macosx_11_0_arm64.whl", hash = "sha256:385680812e7e18af200bb9b4a49777418c32422d05ad5a8eb85144c4a285907b"},
    {file = "pendulum-3.0.0-pp38-pypy38_pp73-manylinux_2_17_aarch64.manylinux2014_aarch64.whl", hash = "sha256:9eec91cd87c59fb32ec49eb722f375bd58f4be790cae11c1b70fac3ee4f00da0"},
    {file = "pendulum-3.0.0-pp38-pypy38_pp73-manylinux_2_17_x86_64.manylinux2014_x86_64.whl", hash = "sha256:4386bffeca23c4b69ad50a36211f75b35a4deb6210bdca112ac3043deb7e494a"},
    {file = "pendulum-3.0.0-pp38-pypy38_pp73-musllinux_1_1_aarch64.whl", hash = "sha256:dfbcf1661d7146d7698da4b86e7f04814221081e9fe154183e34f4c5f5fa3bf8"},
    {file = "pendulum-3.0.0-pp38-pypy38_pp73-musllinux_1_1_x86_64.whl", hash = "sha256:04a1094a5aa1daa34a6b57c865b25f691848c61583fb22722a4df5699f6bf74c"},
    {file = "pendulum-3.0.0-pp38-pypy38_pp73-win_amd64.whl", hash = "sha256:5b0ec85b9045bd49dd3a3493a5e7ddfd31c36a2a60da387c419fa04abcaecb23"},
    {file = "pendulum-3.0.0-pp39-pypy39_pp73-macosx_10_12_x86_64.whl", hash = "sha256:0a15b90129765b705eb2039062a6daf4d22c4e28d1a54fa260892e8c3ae6e157"},
    {file = "pendulum-3.0.0-pp39-pypy39_pp73-macosx_11_0_arm64.whl", hash = "sha256:bb8f6d7acd67a67d6fedd361ad2958ff0539445ef51cbe8cd288db4306503cd0"},
    {file = "pendulum-3.0.0-pp39-pypy39_pp73-manylinux_2_17_aarch64.manylinux2014_aarch64.whl", hash = "sha256:fd69b15374bef7e4b4440612915315cc42e8575fcda2a3d7586a0d88192d0c88"},
    {file = "pendulum-3.0.0-pp39-pypy39_pp73-manylinux_2_17_x86_64.manylinux2014_x86_64.whl", hash = "sha256:dc00f8110db6898360c53c812872662e077eaf9c75515d53ecc65d886eec209a"},
    {file = "pendulum-3.0.0-pp39-pypy39_pp73-musllinux_1_1_aarch64.whl", hash = "sha256:83a44e8b40655d0ba565a5c3d1365d27e3e6778ae2a05b69124db9e471255c4a"},
    {file = "pendulum-3.0.0-pp39-pypy39_pp73-musllinux_1_1_x86_64.whl", hash = "sha256:1a3604e9fbc06b788041b2a8b78f75c243021e0f512447806a6d37ee5214905d"},
    {file = "pendulum-3.0.0-pp39-pypy39_pp73-win_amd64.whl", hash = "sha256:92c307ae7accebd06cbae4729f0ba9fa724df5f7d91a0964b1b972a22baa482b"},
    {file = "pendulum-3.0.0.tar.gz", hash = "sha256:5d034998dea404ec31fae27af6b22cff1708f830a1ed7353be4d1019bb9f584e"},
]

[[package]]
name = "pydal"
version = "17.3"
summary = "a pure Python Database Abstraction Layer"
groups = ["default"]
files = [
    {file = "pyDAL-17.3-py2.py3-none-any.whl", hash = "sha256:914d09ef124ef5571e79866dda40d06d37d7db6cffa502938afe862de4114724"},
    {file = "pyDAL-17.3.tar.gz", hash = "sha256:59d296c38e283674544712dc615006aa6bcef3f112fda9c4eb74f4590f5b1531"},
]

[[package]]
name = "python-dateutil"
version = "2.9.0.post0"
requires_python = "!=3.0.*,!=3.1.*,!=3.2.*,>=2.7"
summary = "Extensions to the standard Python datetime module"
groups = ["default"]
dependencies = [
    "six>=1.5",
]
files = [
    {file = "python-dateutil-2.9.0.post0.tar.gz", hash = "sha256:37dd54208da7e1cd875388217d5e00ebd4179249f90fb72437e91a35459a0ad3"},
    {file = "python_dateutil-2.9.0.post0-py2.py3-none-any.whl", hash = "sha256:a8b2bc7bffae282281c8140a97d3aa9c14da0b136dfe83f850eea9a5f7470427"},
]

[[package]]
name = "python-rapidjson"
version = "1.16"
requires_python = ">=3.6"
summary = "Python wrapper around rapidjson"
groups = ["default"]
files = [
    {file = "python-rapidjson-1.16.tar.gz", hash = "sha256:3c9330e9cfd9223cb473384754df9692c18d4ec446ec94ce9ba7dff01a610d05"},
    {file = "python_rapidjson-1.16-cp312-cp312-macosx_10_9_x86_64.whl", hash = "sha256:3a06cef553e1b2e8f7b1a8bb5ceeb7f5d5a8f7f406c65a3ff84b3f97c297e19f"},
    {file = "python_rapidjson-1.16-cp312-cp312-macosx_11_0_arm64.whl", hash = "sha256:8d861628bd257a595ef87256c15f16d58ffc9be4f555df582f3e0ed429f8bcb3"},
    {file = "python_rapidjson-1.16-cp312-cp312-manylinux_2_17_aarch64.manylinux2014_aarch64.whl", hash = "sha256:483de28d2f9d1c42f79df1673d5fe23d3bd349aaec1f90bbcbe8a39511d03e20"},
    {file = "python_rapidjson-1.16-cp312-cp312-manylinux_2_17_ppc64le.manylinux2014_ppc64le.whl", hash = "sha256:d8ebc242ec652ea503201bf7c3429e03e7268f43ddaa1b6ee96b479a4f6f64eb"},
    {file = "python_rapidjson-1.16-cp312-cp312-manylinux_2_17_x86_64.manylinux2014_x86_64.whl", hash = "sha256:4f9652d4dfc55efb3df14c0034671edd8756c8f865e05e9176d5bb9ba040fe7b"},
    {file = "python_rapidjson-1.16-cp312-cp312-manylinux_2_5_i686.manylinux1_i686.manylinux_2_17_i686.manylinux2014_i686.whl", hash = "sha256:6144c0765f946afec74b2bfde53c0a412813c346cdfea6b9ebb63ed4511dac2e"},
    {file = "python_rapidjson-1.16-cp312-cp312-musllinux_1_1_aarch64.whl", hash = "sha256:23333fbd3f56623e8c99747aea2130981c6476e017563af7bc8ece8dcc23fbfc"},
    {file = "python_rapidjson-1.16-cp312-cp312-musllinux_1_1_i686.whl", hash = "sha256:ac96a6e3fe7b34a544e85b9d258569be2e9bee4a5dfb5c047718f7e76fa92016"},
    {file = "python_rapidjson-1.16-cp312-cp312-musllinux_1_1_ppc64le.whl", hash = "sha256:909fde38da88cbd32a6e451fdbe83be12137bc5f8e46129214426fc3e859acf2"},
    {file = "python_rapidjson-1.16-cp312-cp312-musllinux_1_1_x86_64.whl", hash = "sha256:a4a9d05185f157ea33718ee799d0fad7afbd8d49153d61ed17d065a2f8683ca0"},
    {file = "python_rapidjson-1.16-cp312-cp312-win32.whl", hash = "sha256:f86e405cbb7e778c2992dbddc3ed4ea562b9a4109feef7831ff06ce838378ffa"},
    {file = "python_rapidjson-1.16-cp312-cp312-win_amd64.whl", hash = "sha256:902f3ee2db0ccc028b0e44b82aa8da59a8c88811a6223a06e97b73ed8adaa6f3"},
]

[[package]]
name = "pyyaml"
version = "6.0.1"
requires_python = ">=3.6"
summary = "YAML parser and emitter for Python"
groups = ["default"]
files = [
    {file = "PyYAML-6.0.1-cp312-cp312-macosx_10_9_x86_64.whl", hash = "sha256:855fb52b0dc35af121542a76b9a84f8d1cd886ea97c84703eaa6d88e37a2ad28"},
    {file = "PyYAML-6.0.1-cp312-cp312-macosx_11_0_arm64.whl", hash = "sha256:40df9b996c2b73138957fe23a16a4f0ba614f4c0efce1e9406a184b6d07fa3a9"},
    {file = "PyYAML-6.0.1-cp312-cp312-manylinux_2_17_aarch64.manylinux2014_aarch64.whl", hash = "sha256:a08c6f0fe150303c1c6b71ebcd7213c2858041a7e01975da3a99aed1e7a378ef"},
    {file = "PyYAML-6.0.1-cp312-cp312-manylinux_2_17_x86_64.manylinux2014_x86_64.whl", hash = "sha256:6c22bec3fbe2524cde73d7ada88f6566758a8f7227bfbf93a408a9d86bcc12a0"},
    {file = "PyYAML-6.0.1-cp312-cp312-musllinux_1_1_x86_64.whl", hash = "sha256:8d4e9c88387b0f5c7d5f281e55304de64cf7f9c0021a3525bd3b1c542da3b0e4"},
    {file = "PyYAML-6.0.1-cp312-cp312-win32.whl", hash = "sha256:d483d2cdf104e7c9fa60c544d92981f12ad66a457afae824d146093b8c294c54"},
    {file = "PyYAML-6.0.1-cp312-cp312-win_amd64.whl", hash = "sha256:0d3304d8c0adc42be59c5f8a4d9e3d7379e6955ad754aa9d6ab7a398b59dd1df"},
    {file = "PyYAML-6.0.1.tar.gz", hash = "sha256:bfdf460b1736c775f2ba9f6a92bca30bc2095067b8a9d77876d1fad6cc3b4a43"},
]

[[package]]
name = "renoir"
version = "1.7.0"
requires_python = ">=3.8,<4.0"
summary = "A templating engine designed with simplicity in mind"
groups = ["default"]
files = [
    {file = "renoir-1.7.0-py3-none-any.whl", hash = "sha256:564ebacde5db1c23e02453953a8b3907276cec874652ce45f4adf496574b0922"},
    {file = "renoir-1.7.0.tar.gz", hash = "sha256:f3d5dc3c176f92c7d939698775556896cee5acd2078877efafaf97c69fbb1971"},
]

[[package]]
name = "severus"
version = "1.3.0"
requires_python = ">=3.8,<4.0"
summary = "An internationalization engine designed with simplicity in mind"
groups = ["default"]
dependencies = [
    "pyyaml<7.0,>=6.0",
]
files = [
    {file = "severus-1.3.0-py3-none-any.whl", hash = "sha256:aaade1a5401bfbe610b74cb6f8d4def3dc09b57757b14d0f838bddfd16106dfa"},
    {file = "severus-1.3.0.tar.gz", hash = "sha256:0b7c052b4a23a87eefa9d10b57f4c7beba7c71d15d6620722ec2c72fba04a02e"},
]

[[package]]
name = "six"
version = "1.16.0"
requires_python = ">=2.7, !=3.0.*, !=3.1.*, !=3.2.*"
summary = "Python 2 and 3 compatibility utilities"
groups = ["default"]
files = [
    {file = "six-1.16.0-py2.py3-none-any.whl", hash = "sha256:8abb2f1d86890a2dfb989f9a77cfcfd3e47c2a354b01111771326f8aa26e0254"},
    {file = "six-1.16.0.tar.gz", hash = "sha256:1e61c37477a1626458e36f7b1d82aa5c9b094fa4802892072e49de9c60c4c926"},
]

[[package]]
name = "sniffio"
version = "1.3.1"
requires_python = ">=3.7"
summary = "Sniff out which async library your code is running under"
groups = ["default"]
files = [
    {file = "sniffio-1.3.1-py3-none-any.whl", hash = "sha256:2f6da418d1f1e0fddd844478f41680e794e6051915791a034ff65e5f100525a2"},
    {file = "sniffio-1.3.1.tar.gz", hash = "sha256:f4324edc670a0f49750a81b895f35c3adb843cca46f0530f79fc1babb23789dc"},
]

[[package]]
name = "time-machine"
version = "2.14.0"
requires_python = ">=3.8"
summary = "Travel through time in your tests."
groups = ["default"]
marker = "implementation_name != \"pypy\""
dependencies = [
    "python-dateutil",
]
files = [
    {file = "time-machine-2.14.0.tar.gz", hash = "sha256:b1076afb7825122a89a7be157d3a02f69f07d6fa0bacfaec463c71ac0488bd58"},
    {file = "time_machine-2.14.0-cp312-cp312-macosx_10_9_universal2.whl", hash = "sha256:c7a55717b8e3a153e4b7a9b6f551cd89e9d037db7e7732fc909c436d94e79628"},
    {file = "time_machine-2.14.0-cp312-cp312-macosx_10_9_x86_64.whl", hash = "sha256:f92693a7ceedde14d507e906a26600ef11b80ca17cccfa91906266510f07b024"},
    {file = "time_machine-2.14.0-cp312-cp312-macosx_14_0_arm64.whl", hash = "sha256:4a2670120780ad67c327f065eed03be917209cecd6fb0e9ada29720dbc1411e9"},
    {file = "time_machine-2.14.0-cp312-cp312-manylinux_2_17_aarch64.manylinux2014_aarch64.whl", hash = "sha256:9e5a9ff08c585b8aac5d3db80a828dc549f5962c07297e1441e04cb0825464ac"},
    {file = "time_machine-2.14.0-cp312-cp312-manylinux_2_5_i686.manylinux1_i686.manylinux_2_17_i686.manylinux2014_i686.whl", hash = "sha256:a4e1a3c8bca77201dc6684d3c1d65d3ca4249872beb7ee9283c0b6e2df5cb677"},
    {file = "time_machine-2.14.0-cp312-cp312-manylinux_2_5_x86_64.manylinux1_x86_64.manylinux_2_17_x86_64.manylinux2014_x86_64.whl", hash = "sha256:cb603f46281c2d7f5c9607dd195107c9642af9bb36806386f66087b2741d0327"},
    {file = "time_machine-2.14.0-cp312-cp312-musllinux_1_1_aarch64.whl", hash = "sha256:9227c26a8d9e0cb0727917aa6470855320bde85f65deba58b988a8c0cc04bf9a"},
    {file = "time_machine-2.14.0-cp312-cp312-musllinux_1_1_i686.whl", hash = "sha256:4df6ee8f1ed9d9ca4aa7750e5cfc0d8bc0143c2cac068258af5bad5f50e3b3e8"},
    {file = "time_machine-2.14.0-cp312-cp312-musllinux_1_1_x86_64.whl", hash = "sha256:a59bee89bf015f3ff1db012436bc7905fd99a4aa827d2feb73f1301afb0cb5c6"},
    {file = "time_machine-2.14.0-cp312-cp312-win32.whl", hash = "sha256:892ee00cc176c9da6b465cf9d44da408fa3297d72fcb45aec1aac09d8e381f22"},
    {file = "time_machine-2.14.0-cp312-cp312-win_amd64.whl", hash = "sha256:9ca7c08ded824e6ae138280524d9ebcceaf50623e5263f24e38a28259215fb37"},
    {file = "time_machine-2.14.0-cp312-cp312-win_arm64.whl", hash = "sha256:b604d904dbe5aa36be37df61b47c15d87c359764dadb70f3a8eae7191e382bd4"},
]

[[package]]
name = "typer"
version = "0.9.0"
requires_python = ">=3.6"
summary = "Typer, build great CLIs. Easy to code. Based on Python type hints."
groups = ["default"]
dependencies = [
    "click<9.0.0,>=7.1.1",
    "typing-extensions>=3.7.4.3",
]
files = [
    {file = "typer-0.9.0-py3-none-any.whl", hash = "sha256:5d96d986a21493606a358cae4461bd8cdf83cbf33a5aa950ae629ca3b51467ee"},
    {file = "typer-0.9.0.tar.gz", hash = "sha256:50922fd79aea2f4751a8e0408ff10d2662bd0c8bbfa84755a699f3bada2978b2"},
]

[[package]]
name = "typing-extensions"
version = "4.10.0"
requires_python = ">=3.8"
summary = "Backported and Experimental Type Hints for Python 3.8+"
groups = ["default"]
files = [
    {file = "typing_extensions-4.10.0-py3-none-any.whl", hash = "sha256:69b1a937c3a517342112fb4c6df7e72fc39a38e7891a5730ed4985b5214b5475"},
    {file = "typing_extensions-4.10.0.tar.gz", hash = "sha256:b0abd7c89e8fb96f98db18d86106ff1d90ab692004eb746cf6eda2682f91b3cb"},
]

[[package]]
name = "tzdata"
version = "2024.1"
requires_python = ">=2"
summary = "Provider of IANA time zone data"
groups = ["default"]
files = [
    {file = "tzdata-2024.1-py2.py3-none-any.whl", hash = "sha256:9068bc196136463f5245e51efda838afa15aaeca9903f49050dfa2679db4d252"},
    {file = "tzdata-2024.1.tar.gz", hash = "sha256:2674120f8d891909751c38abcdfd386ac0a5a1127954fbc332af6b5ceae07efd"},
]

[[package]]
name = "uvloop"
version = "0.18.0"
requires_python = ">=3.7.0"
summary = "Fast implementation of asyncio event loop on top of libuv"
groups = ["default"]
marker = "sys_platform != \"win32\" and platform_python_implementation == \"CPython\""
files = [
    {file = "uvloop-0.18.0-cp312-cp312-macosx_10_9_universal2.whl", hash = "sha256:61151cc207cf5fc88863e50de3d04f64ee0fdbb979d0b97caf21cae29130ed78"},
    {file = "uvloop-0.18.0-cp312-cp312-macosx_10_9_x86_64.whl", hash = "sha256:c65585ae03571b73907b8089473419d8c0aff1e3826b3bce153776de56cbc687"},
    {file = "uvloop-0.18.0-cp312-cp312-manylinux_2_17_aarch64.manylinux2014_aarch64.whl", hash = "sha256:e3d301e23984dcbc92d0e42253e0e0571915f0763f1eeaf68631348745f2dccc"},
    {file = "uvloop-0.18.0-cp312-cp312-manylinux_2_17_x86_64.manylinux2014_x86_64.whl", hash = "sha256:680da98f12a7587f76f6f639a8aa7708936a5d17c5e7db0bf9c9d9cbcb616593"},
    {file = "uvloop-0.18.0-cp312-cp312-musllinux_1_1_aarch64.whl", hash = "sha256:75baba0bfdd385c886804970ae03f0172e0d51e51ebd191e4df09b929771b71e"},
    {file = "uvloop-0.18.0-cp312-cp312-musllinux_1_1_x86_64.whl", hash = "sha256:ed3c28337d2fefc0bac5705b9c66b2702dc392f2e9a69badb1d606e7e7f773bb"},
    {file = "uvloop-0.18.0.tar.gz", hash = "sha256:d5d1135beffe9cd95d0350f19e2716bc38be47d5df296d7cc46e3b7557c0d1ff"},
]

[[package]]
name = "watchfiles"
version = "0.21.0"
requires_python = ">=3.8"
summary = "Simple, modern and high performance file watching and code reload in python."
groups = ["default"]
dependencies = [
    "anyio>=3.0.0",
]
files = [
    {file = "watchfiles-0.21.0-cp312-cp312-macosx_10_7_x86_64.whl", hash = "sha256:51ddac60b96a42c15d24fbdc7a4bfcd02b5a29c047b7f8bf63d3f6f5a860949a"},
    {file = "watchfiles-0.21.0-cp312-cp312-macosx_11_0_arm64.whl", hash = "sha256:511f0b034120cd1989932bf1e9081aa9fb00f1f949fbd2d9cab6264916ae89b1"},
    {file = "watchfiles-0.21.0-cp312-cp312-manylinux_2_12_i686.manylinux2010_i686.whl", hash = "sha256:cfb92d49dbb95ec7a07511bc9efb0faff8fe24ef3805662b8d6808ba8409a71a"},
    {file = "watchfiles-0.21.0-cp312-cp312-manylinux_2_17_aarch64.manylinux2014_aarch64.whl", hash = "sha256:3f92944efc564867bbf841c823c8b71bb0be75e06b8ce45c084b46411475a915"},
    {file = "watchfiles-0.21.0-cp312-cp312-manylinux_2_17_armv7l.manylinux2014_armv7l.whl", hash = "sha256:642d66b75eda909fd1112d35c53816d59789a4b38c141a96d62f50a3ef9b3360"},
    {file = "watchfiles-0.21.0-cp312-cp312-manylinux_2_17_ppc64le.manylinux2014_ppc64le.whl", hash = "sha256:d23bcd6c8eaa6324fe109d8cac01b41fe9a54b8c498af9ce464c1aeeb99903d6"},
    {file = "watchfiles-0.21.0-cp312-cp312-manylinux_2_17_s390x.manylinux2014_s390x.whl", hash = "sha256:18d5b4da8cf3e41895b34e8c37d13c9ed294954907929aacd95153508d5d89d7"},
    {file = "watchfiles-0.21.0-cp312-cp312-manylinux_2_17_x86_64.manylinux2014_x86_64.whl", hash = "sha256:1b8d1eae0f65441963d805f766c7e9cd092f91e0c600c820c764a4ff71a0764c"},
    {file = "watchfiles-0.21.0-cp312-cp312-musllinux_1_1_aarch64.whl", hash = "sha256:1fd9a5205139f3c6bb60d11f6072e0552f0a20b712c85f43d42342d162be1235"},
    {file = "watchfiles-0.21.0-cp312-cp312-musllinux_1_1_x86_64.whl", hash = "sha256:a1e3014a625bcf107fbf38eece0e47fa0190e52e45dc6eee5a8265ddc6dc5ea7"},
    {file = "watchfiles-0.21.0-cp312-none-win32.whl", hash = "sha256:9d09869f2c5a6f2d9df50ce3064b3391d3ecb6dced708ad64467b9e4f2c9bef3"},
    {file = "watchfiles-0.21.0-cp312-none-win_amd64.whl", hash = "sha256:18722b50783b5e30a18a8a5db3006bab146d2b705c92eb9a94f78c72beb94094"},
    {file = "watchfiles-0.21.0-cp312-none-win_arm64.whl", hash = "sha256:a3b9bec9579a15fb3ca2d9878deae789df72f2b0fdaf90ad49ee389cad5edab6"},
    {file = "watchfiles-0.21.0-pp310-pypy310_pp73-macosx_10_7_x86_64.whl", hash = "sha256:ab03a90b305d2588e8352168e8c5a1520b721d2d367f31e9332c4235b30b8994"},
    {file = "watchfiles-0.21.0-pp310-pypy310_pp73-macosx_11_0_arm64.whl", hash = "sha256:927c589500f9f41e370b0125c12ac9e7d3a2fd166b89e9ee2828b3dda20bfe6f"},
    {file = "watchfiles-0.21.0-pp310-pypy310_pp73-manylinux_2_17_aarch64.manylinux2014_aarch64.whl", hash = "sha256:1bd467213195e76f838caf2c28cd65e58302d0254e636e7c0fca81efa4a2e62c"},
    {file = "watchfiles-0.21.0-pp310-pypy310_pp73-manylinux_2_17_x86_64.manylinux2014_x86_64.whl", hash = "sha256:02b73130687bc3f6bb79d8a170959042eb56eb3a42df3671c79b428cd73f17cc"},
    {file = "watchfiles-0.21.0-pp38-pypy38_pp73-macosx_10_7_x86_64.whl", hash = "sha256:08dca260e85ffae975448e344834d765983237ad6dc308231aa16e7933db763e"},
    {file = "watchfiles-0.21.0-pp38-pypy38_pp73-macosx_11_0_arm64.whl", hash = "sha256:3ccceb50c611c433145502735e0370877cced72a6c70fd2410238bcbc7fe51d8"},
    {file = "watchfiles-0.21.0-pp38-pypy38_pp73-manylinux_2_17_aarch64.manylinux2014_aarch64.whl", hash = "sha256:57d430f5fb63fea141ab71ca9c064e80de3a20b427ca2febcbfcef70ff0ce895"},
    {file = "watchfiles-0.21.0-pp38-pypy38_pp73-manylinux_2_17_x86_64.manylinux2014_x86_64.whl", hash = "sha256:0dd5fad9b9c0dd89904bbdea978ce89a2b692a7ee8a0ce19b940e538c88a809c"},
    {file = "watchfiles-0.21.0-pp39-pypy39_pp73-macosx_10_7_x86_64.whl", hash = "sha256:be6dd5d52b73018b21adc1c5d28ac0c68184a64769052dfeb0c5d9998e7f56a2"},
    {file = "watchfiles-0.21.0-pp39-pypy39_pp73-macosx_11_0_arm64.whl", hash = "sha256:b3cab0e06143768499384a8a5efb9c4dc53e19382952859e4802f294214f36ec"},
    {file = "watchfiles-0.21.0-pp39-pypy39_pp73-manylinux_2_17_aarch64.manylinux2014_aarch64.whl", hash = "sha256:8c6ed10c2497e5fedadf61e465b3ca12a19f96004c15dcffe4bd442ebadc2d85"},
    {file = "watchfiles-0.21.0-pp39-pypy39_pp73-manylinux_2_17_x86_64.manylinux2014_x86_64.whl", hash = "sha256:43babacef21c519bc6631c5fce2a61eccdfc011b4bcb9047255e9620732c8097"},
    {file = "watchfiles-0.21.0.tar.gz", hash = "sha256:c76c635fabf542bb78524905718c39f736a98e5ab25b23ec6d4abede1a85a6a3"},
]
